PODS:
  - Alamofire (5.4.1)
  - Differentiator (5.0.0)
  - JGProgressHUD (2.2)
  - Loaf (0.7.0)
  - RxCocoa (6.2.0):
    - RxRelay (= 6.2.0)
    - RxSwift (= 6.2.0)
  - RxDataSources (5.0.0):
    - Differentiator (~> 5.0)
    - RxCocoa (~> 6.0)
    - RxSwift (~> 6.0)
  - RxRelay (6.2.0):
    - RxSwift (= 6.2.0)
  - RxSwift (6.2.0)
  - SDWebImage (5.11.0):
    - SDWebImage/Core (= 5.11.0)
  - SDWebImage/Core (5.11.0)

DEPENDENCIES:
  - Alamofire
  - JGProgressHUD
  - Loaf
  - RxCocoa
  - RxDataSources
  - RxSwift
  - SDWebImage

SPEC REPOS:
  trunk:
    - Alamofire
    - Differentiator
    - JGProgressHUD
    - Loaf
    - RxCocoa
    - RxDataSources
    - RxRelay
    - RxSwift
    - SDWebImage

SPEC CHECKSUMS:
  Alamofire: 2291f7d21ca607c491dd17642e5d40fdcda0e65c
  Differentiator: e8497ceab83c1b10ca233716d547b9af21b9344d
  JGProgressHUD: d83d7a981b85d11205e19ff8ad5bb9c40571c847
  Loaf: d69937cd00649f3fa260beb8b7aef0a1feb861ef
  RxCocoa: 4baf94bb35f2c0ab31bc0cb9f1900155f646ba42
  RxDataSources: aa47cc1ed6c500fa0dfecac5c979b723542d79cf
  RxRelay: e72dbfd157807478401ef1982e1c61c945c94b2f
  RxSwift: d356ab7bee873611322f134c5f9ef379fa183d8f
  SDWebImage: 7acbb57630ac7db4a495547fb73916ff3e432f6b

PODFILE CHECKSUM: 8ad3b16cd841723f6865bd3826924dea67d34b63

COCOAPODS: 1.11.2
